# This file is automatically @generated by Poetry 2.1.2 and should not be changed by hand.

[[package]]
name = "async-timeout"
version = "5.0.1"
description = "Timeout context manager for asyncio programs"
optional = false
python-versions = ">=3.8"
groups = ["main"]
markers = "python_full_version < \"3.11.3\""
files = [
    {file = "async_timeout-5.0.1-py3-none-any.whl", hash = "sha256:39e3809566ff85354557ec2398b55e096c8364bacac9405a7a1fa429e77fe76c"},
    {file = "async_timeout-5.0.1.tar.gz", hash = "sha256:d9321a7a3d5a6a5e187e824d2fa0793ce379a202935782d555d6e9d2735677d3"},
]

[[package]]
name = "beautifulsoup4"
version = "4.13.4"
description = "Screen-scraping library"
optional = false
python-versions = ">=3.7.0"
groups = ["main"]
files = [
    {file = "beautifulsoup4-4.13.4-py3-none-any.whl", hash = "sha256:9bbbb14bfde9d79f38b8cd5f8c7c85f4b8f2523190ebed90e950a8dea4cb1c4b"},
    {file = "beautifulsoup4-4.13.4.tar.gz", hash = "sha256:dbb3c4e1ceae6aefebdaf2423247260cd062430a410e38c66f2baa50a8437195"},
]

[package.dependencies]
soupsieve = ">1.2"
typing-extensions = ">=4.0.0"

[package.extras]
cchardet = ["cchardet"]
chardet = ["chardet"]
charset-normalizer = ["charset-normalizer"]
html5lib = ["html5lib"]
lxml = ["lxml"]

[[package]]
name = "chardet"
version = "5.2.0"
description = "Universal encoding detector for Python 3"
optional = false
python-versions = ">=3.7"
groups = ["main"]
files = [
    {file = "chardet-5.2.0-py3-none-any.whl", hash = "sha256:e1cf59446890a00105fe7b7912492ea04b6e6f06d4b742b2c788469e34c82970"},
    {file = "chardet-5.2.0.tar.gz", hash = "sha256:1b3b6ff479a8c414bc3fa2c0852995695c4a026dcd6d0633b2dd092ca39c1cf7"},
]

[[package]]
name = "lib-ordrsp"
version = "0.0.2"
description = ""
optional = false
python-versions = ">=3.10"
groups = ["main"]
files = [
    {file = "lib_ordrsp-0.0.2-py3-none-any.whl", hash = "sha256:a008a473251467c16f980eb3e901d1f7b473750c7ca3dd647a5324de98bab6af"},
    {file = "lib_ordrsp-0.0.2.tar.gz", hash = "sha256:3db3723f48f1fef4b5e7cfce6180afdac5cf9dc304b78eaf69f19de3942aa8a3"},
]

[[package]]
name = "redis"
version = "6.2.0"
description = "Python client for Redis database and key-value store"
optional = false
python-versions = ">=3.9"
groups = ["main"]
files = [
    {file = "redis-6.2.0-py3-none-any.whl", hash = "sha256:c8ddf316ee0aab65f04a11229e94a64b2618451dab7a67cb2f77eb799d872d5e"},
    {file = "redis-6.2.0.tar.gz", hash = "sha256:e821f129b75dde6cb99dd35e5c76e8c49512a5a0d8dfdc560b2fbd44b85ca977"},
]

[package.dependencies]
async-timeout = {version = ">=4.0.3", markers = "python_full_version < \"3.11.3\""}

[package.extras]
hiredis = ["hiredis (>=3.2.0)"]
jwt = ["pyjwt (>=2.9.0)"]
ocsp = ["cryptography (>=36.0.1)", "pyopenssl (>=20.0.1)", "requests (>=2.31.0)"]

[[package]]
name = "soupsieve"
version = "2.7"
description = "A modern CSS selector implementation for Beautiful Soup."
optional = false
python-versions = ">=3.8"
groups = ["main"]
files = [
    {file = "soupsieve-2.7-py3-none-any.whl", hash = "sha256:6e60cc5c1ffaf1cebcc12e8188320b72071e922c2e897f737cadce79ad5d30c4"},
    {file = "soupsieve-2.7.tar.gz", hash = "sha256:ad282f9b6926286d2ead4750552c8a6142bc4c783fd66b0293547c8fe6ae126a"},
]

[[package]]
name = "typing-extensions"
version = "4.14.1"
description = "Backported and Experimental Type Hints for Python 3.9+"
optional = false
python-versions = ">=3.9"
groups = ["main"]
files = [
    {file = "typing_extensions-4.14.1-py3-none-any.whl", hash = "sha256:d1e1e3b58374dc93031d6eda2420a48ea44a36c2b4766a4fdeb3710755731d76"},
    {file = "typing_extensions-4.14.1.tar.gz", hash = "sha256:38b39f4aeeab64884ce9f74c94263ef78f3c22467c8724005483154c26648d36"},
]

[metadata]
lock-version = "2.1"
python-versions = ">=3.10"
content-hash = "cd84aa8ad09e85954c3a787b4173c4c1ba10d799b273e789891cec90ca5e2924"
